
Microsoft Visual Studio Solution File, Format Version 12.00
# Visual Studio Version 17
VisualStudioVersion = 17.7.34003.232
MinimumVisualStudioVersion = 10.0.40219.1
Project("{8BC9CEB8-8B4A-11D0-8D11-00A0C91BC942}") = "Tetris_SDL", "Tetris_SDL\Tetris_SDL.vcxproj", "{008197D5-B774-4B82-88BF-7DA109ED734F}"
EndProject
Project("{2150E333-8FDC-42A3-9474-1A3956D46DE8}") = "Solution Items", "Solution Items", "{329E3285-AFE6-42D2-8F73-5B3DD48FDFC1}"
	ProjectSection(SolutionItems) = preProject
		.gitattributes = .gitattributes
		.gitignore = .gitignore
		LICENSE.txt = LICENSE.txt
		README.md = README.md
	EndProjectSection
EndProject
Global
	GlobalSection(SolutionConfigurationPlatforms) = preSolution
		Debug|x64 = Debug|x64
		Debug|x86 = Debug|x86
		Release|x64 = Release|x64
		Release|x86 = Release|x86
	EndGlobalSection
	GlobalSection(ProjectConfigurationPlatforms) = postSolution
		{008197D5-B774-4B82-88BF-7DA109ED734F}.Debug|x64.ActiveCfg = Debug|x64
		{008197D5-B774-4B82-88BF-7DA109ED734F}.Debug|x64.Build.0 = Debug|x64
		{008197D5-B774-4B82-88BF-7DA109ED734F}.Debug|x86.ActiveCfg = Debug|Win32
		{008197D5-B774-4B82-88BF-7DA109ED734F}.Debug|x86.Build.0 = Debug|Win32
		{008197D5-B774-4B82-88BF-7DA109ED734F}.Release|x64.ActiveCfg = Release|x64
		{008197D5-B774-4B82-88BF-7DA109ED734F}.Release|x64.Build.0 = Release|x64
		{008197D5-B774-4B82-88BF-7DA109ED734F}.Release|x86.ActiveCfg = Release|Win32
		{008197D5-B774-4B82-88BF-7DA109ED734F}.Release|x86.Build.0 = Release|Win32
	EndGlobalSection
	GlobalSection(SolutionProperties) = preSolution
		HideSolutionNode = FALSE
	EndGlobalSection
	GlobalSection(ExtensibilityGlobals) = postSolution
		SolutionGuid = {0F5A5778-408A-4654-AA76-BB44BB16A625}
	EndGlobalSection
EndGlobal
